
Microsoft Visual Studio Solution File, Format Version 12.00
# Visual Studio Version 16
VisualStudioVersion = 16.0.30114.105
MinimumVisualStudioVersion = 10.0.40219.1
Project("{FAE04EC0-301F-11D3-BF4B-00C04F79EFBC}") = "ConstructorPrac2", "ConstructorPrac2\ConstructorPrac2.csproj", "{12D96F7B-6FBF-44E9-AA48-837A00C40407}"
EndProject
Global
	GlobalSection(SolutionConfigurationPlatforms) = preSolution
		Debug|Any CPU = Debug|Any CPU
		Release|Any CPU = Release|Any CPU
	EndGlobalSection
	GlobalSection(ProjectConfigurationPlatforms) = postSolution
		{12D96F7B-6FBF-44E9-AA48-837A00C40407}.Debug|Any CPU.ActiveCfg = Debug|Any CPU
		{12D96F7B-6FBF-44E9-AA48-837A00C40407}.Debug|Any CPU.Build.0 = Debug|Any CPU
		{12D96F7B-6FBF-44E9-AA48-837A00C40407}.Release|Any CPU.ActiveCfg = Release|Any CPU
		{12D96F7B-6FBF-44E9-AA48-837A00C40407}.Release|Any CPU.Build.0 = Release|Any CPU
	EndGlobalSection
	GlobalSection(SolutionProperties) = preSolution
		HideSolutionNode = FALSE
	EndGlobalSection
	GlobalSection(ExtensibilityGlobals) = postSolution
		SolutionGuid = {9A3B2A83-2474-4159-9C20-F21D3870E72C}
	EndGlobalSection
EndGlobal
